
Microsoft Visual Studio Solution File, Format Version 12.00
Project("{FAE04EC0-301F-11D3-BF4B-00C04F79EFBC}") = "WpfApp2", "WpfApp2.csproj", "{B53384A4-2EB2-488B-8F00-CFC115DE6A57}"
EndProject
Global
	GlobalSection(SolutionConfigurationPlatforms) = preSolution
		Debug|Any CPU = Debug|Any CPU
		Release|Any CPU = Release|Any CPU
	EndGlobalSection
	GlobalSection(ProjectConfigurationPlatforms) = postSolution
		{B53384A4-2EB2-488B-8F00-CFC115DE6A57}.Debug|Any CPU.ActiveCfg = Debug|Any CPU
		{B53384A4-2EB2-488B-8F00-CFC115DE6A57}.Debug|Any CPU.Build.0 = Debug|Any CPU
		{B53384A4-2EB2-488B-8F00-CFC115DE6A57}.Release|Any CPU.ActiveCfg = Release|Any CPU
		{B53384A4-2EB2-488B-8F00-CFC115DE6A57}.Release|Any CPU.Build.0 = Release|Any CPU
	EndGlobalSection
EndGlobal
